{
  "name": "deloitte-barcode-png-github",
  "version": "1.0.0",
  "lockfileVersion": 3,
  "requires": true,
  "packages": {
    "": {
      "name": "deloitte-barcode-png-github",
      "version": "1.0.0",
      "license": "ISC",
      "dependencies": {
        "bwip-js": "^4.8.0"
      }
    },
    "node_modules/bwip-js": {
      "version": "4.8.0",
      "resolved": "https://registry.npmjs.org/bwip-js/-/bwip-js-4.8.0.tgz",
      "integrity": "sha512-gUDkDHSTv8/DJhomSIbO0fX/Dx0MO/sgllLxJyJfu4WixCQe9nfGJzmHm64ZCbxo+gUYQEsQcRmqcwcwPRwUkg==",
      "license": "MIT",
      "bin": {
        "bwip-js": "bin/bwip-js.js"
      }
    }
  }
}
